
Microsoft Visual Studio Solution File, Format Version 12.00
# Visual Studio Version 17
VisualStudioVersion = 17.11.35303.130
MinimumVisualStudioVersion = 10.0.40219.1
Project("{888888A0-9F3D-457C-B088-3A5042F75D52}") = "PythonExercises1", "PythonExercises1.pyproj", "{E8A7D82D-1F13-46D7-B2BF-08685AC80F26}"
EndProject
Global
	GlobalSection(SolutionConfigurationPlatforms) = preSolution
		Debug|Any CPU = Debug|Any CPU
		Release|Any CPU = Release|Any CPU
	EndGlobalSection
	GlobalSection(ProjectConfigurationPlatforms) = postSolution
		{E8A7D82D-1F13-46D7-B2BF-08685AC80F26}.Debug|Any CPU.ActiveCfg = Debug|Any CPU
		{E8A7D82D-1F13-46D7-B2BF-08685AC80F26}.Release|Any CPU.ActiveCfg = Release|Any CPU
	EndGlobalSection
	GlobalSection(SolutionProperties) = preSolution
		HideSolutionNode = FALSE
	EndGlobalSection
	GlobalSection(ExtensibilityGlobals) = postSolution
		SolutionGuid = {4D30A818-DF5C-4A8C-8786-A26BC16A246D}
	EndGlobalSection
EndGlobal
